
Microsoft Visual Studio Solution File, Format Version 12.00
# Visual Studio Version 17
VisualStudioVersion = 17.9.34728.123
MinimumVisualStudioVersion = 10.0.40219.1
Project("{FAE04EC0-301F-11D3-BF4B-00C04F79EFBC}") = "Messenger - Server", "Messenger - Server\Messenger - Server.csproj", "{08486548-863B-4183-835B-07FC645D67EA}"
EndProject
Global
	GlobalSection(SolutionConfigurationPlatforms) = preSolution
		Debug|Any CPU = Debug|Any CPU
		Release|Any CPU = Release|Any CPU
	EndGlobalSection
	GlobalSection(ProjectConfigurationPlatforms) = postSolution
		{08486548-863B-4183-835B-07FC645D67EA}.Debug|Any CPU.ActiveCfg = Debug|Any CPU
		{08486548-863B-4183-835B-07FC645D67EA}.Debug|Any CPU.Build.0 = Debug|Any CPU
		{08486548-863B-4183-835B-07FC645D67EA}.Release|Any CPU.ActiveCfg = Release|Any CPU
		{08486548-863B-4183-835B-07FC645D67EA}.Release|Any CPU.Build.0 = Release|Any CPU
	EndGlobalSection
	GlobalSection(SolutionProperties) = preSolution
		HideSolutionNode = FALSE
	EndGlobalSection
	GlobalSection(ExtensibilityGlobals) = postSolution
		SolutionGuid = {1E329F30-2EBD-4152-BE6A-4DEB046C94A3}
	EndGlobalSection
EndGlobal
